
Microsoft Visual Studio Solution File, Format Version 12.00
# Visual Studio Version 17
VisualStudioVersion = 17.0.32014.148
MinimumVisualStudioVersion = 10.0.40219.1
Project("{9A19103F-16F7-4668-BE54-9A1E7A4F7556}") = "HelloWorld", "HelloWorld\HelloWorld.csproj", "{A00BA7DC-2D63-4674-BAD2-39E3D9C049AD}"
EndProject
Project("{9A19103F-16F7-4668-BE54-9A1E7A4F7556}") = "Net6Test", "Net6Test\Net6Test.csproj", "{8475D66F-D7D7-4088-94E6-49AB2B8D8C1F}"
EndProject
Project("{2150E333-8FDC-42A3-9474-1A3956D46DE8}") = "1.Introduction", "1.Introduction", "{A66EA74D-6173-482D-B64C-A87F6DE4E768}"
EndProject
Project("{2150E333-8FDC-42A3-9474-1A3956D46DE8}") = "2.ProgrammingLogic", "2.ProgrammingLogic", "{BE2C4147-B729-40CE-A50B-A69939ED06EE}"
EndProject
Project("{9A19103F-16F7-4668-BE54-9A1E7A4F7556}") = "0.DataTypes", "0.DataTypes\0.DataTypes.csproj", "{4743EC9C-18C0-4C38-96DF-8F5E7930E28C}"
EndProject
Project("{9A19103F-16F7-4668-BE54-9A1E7A4F7556}") = "1.VariableWorkingWithStrings", "1.VariableWorkingWithStrings\1.VariableWorkingWithStrings.csproj", "{9BBF7BCD-F06C-47C4-B62D-9C9DFAF5B942}"
EndProject
Project("{9A19103F-16F7-4668-BE54-9A1E7A4F7556}") = "2.VariableNumericCalculator", "2.VariableNumericCalculator\2.VariableNumericCalculator.csproj", "{0A1CA31C-1229-4E7B-84E6-2E7C4297DA30}"
EndProject
Project("{9A19103F-16F7-4668-BE54-9A1E7A4F7556}") = "3.HandlingStrings", "3.HandlingStrings\3.HandlingStrings.csproj", "{7C3B674B-A978-46FC-8981-0BA35F6499E2}"
EndProject
Project("{9A19103F-16F7-4668-BE54-9A1E7A4F7556}") = "4.ArtithmeticOperators", "4.ArtithmeticOperators\4.ArtithmeticOperators.csproj", "{778BA009-F14B-4B0D-87C4-AEE5FA71C0C9}"
EndProject
Project("{9A19103F-16F7-4668-BE54-9A1E7A4F7556}") = "5.LogicalOperators", "5.LogicalOperators\5.LogicalOperators.csproj", "{2146124B-7D20-40F2-8F8D-FF5F07BAD7F5}"
EndProject
Project("{9A19103F-16F7-4668-BE54-9A1E7A4F7556}") = "6.RelationalOperators", "6.RelationalOperators\6.RelationalOperators.csproj", "{95F688D2-2AC8-498D-818E-70F06BEA7E6E}"
EndProject
Project("{9A19103F-16F7-4668-BE54-9A1E7A4F7556}") = "7.RetreivingUserData", "7.RetreivingUserData\7.RetreivingUserData.csproj", "{8B9AD8DE-2BBB-41CC-840B-C83348DEE23D}"
EndProject
Project("{9A19103F-16F7-4668-BE54-9A1E7A4F7556}") = "8.Arrays", "8.Arrays\8.Arrays.csproj", "{B7FBCE3B-2AE5-476F-A0A8-88DFF710CD05}"
EndProject
Project("{9A19103F-16F7-4668-BE54-9A1E7A4F7556}") = "9.Lists", "9.Lists\9.Lists.csproj", "{4CD2A02B-02DB-4E72-B0AC-2F832121B4B6}"
EndProject
Project("{9A19103F-16F7-4668-BE54-9A1E7A4F7556}") = "10.Methods", "10.Methods\10.Methods.csproj", "{E504FAB1-B263-4F33-B9EE-0E319B306FE6}"
EndProject
Project("{9A19103F-16F7-4668-BE54-9A1E7A4F7556}") = "11.UsingMethods", "11.UsingMethods\11.UsingMethods.csproj", "{F2F0CA12-5622-4F6A-9A43-5D34294EF0EC}"
EndProject
Project("{9A19103F-16F7-4668-BE54-9A1E7A4F7556}") = "12.MyMethods", "12.MyMethods\12.MyMethods.csproj", "{7AAC977C-105C-4D5B-B76B-C2DAD6D99DC4}"
EndProject
Project("{2150E333-8FDC-42A3-9474-1A3956D46DE8}") = "3.ControlStructures", "3.ControlStructures", "{8C00CCB6-CAEE-4F8E-8C4F-4F7C4D7B1B42}"
EndProject
Project("{9A19103F-16F7-4668-BE54-9A1E7A4F7556}") = "13.IfStatement", "13.IfStatement\13.IfStatement.csproj", "{EF77A0C7-EA2F-472E-A825-20F6932E74F3}"
EndProject
Project("{9A19103F-16F7-4668-BE54-9A1E7A4F7556}") = "14.SwitchStatement", "14.SwitchStatement\14.SwitchStatement.csproj", "{AE4BD64E-BA23-4EBF-AB51-E367D448FA99}"
EndProject
Project("{9A19103F-16F7-4668-BE54-9A1E7A4F7556}") = "15.ForStatement", "15.ForStatement\15.ForStatement.csproj", "{81ACEA4A-07FE-45AB-B657-92A51F62BCA0}"
EndProject
Project("{9A19103F-16F7-4668-BE54-9A1E7A4F7556}") = "WhileStatement", "WhileStatement\WhileStatement.csproj", "{9187D453-D274-4C3A-99E4-F2A41805FA93}"
EndProject
Project("{2150E333-8FDC-42A3-9474-1A3956D46DE8}") = "4.Git", "4.Git", "{4C486791-1D5A-45A3-B865-E243212AD73F}"
EndProject
Project("{9A19103F-16F7-4668-BE54-9A1E7A4F7556}") = "GitBasics", "GitBasics\GitBasics.csproj", "{1E53730B-EB2D-4D9A-8027-480CDBDE79F5}"
EndProject
Project("{2150E333-8FDC-42A3-9474-1A3956D46DE8}") = "5.POO", "5.POO", "{D1358971-81E5-43E2-82B5-9BD298713218}"
EndProject
Project("{9A19103F-16F7-4668-BE54-9A1E7A4F7556}") = "Rebu", "Rebu\Rebu.csproj", "{A76B23A3-5C3D-4C08-A82D-0C42D7205E0E}"
EndProject
Project("{9A19103F-16F7-4668-BE54-9A1E7A4F7556}") = "RebuApp", "RebuApp\RebuApp.csproj", "{80F1496D-6D39-4BC9-9052-C5DDB13CA959}"
EndProject
Project("{9A19103F-16F7-4668-BE54-9A1E7A4F7556}") = "RebuLib", "RebuLib\RebuLib.csproj", "{B0362936-9D09-4702-A551-C0F6C014E38A}"
EndProject
Project("{FAE04EC0-301F-11D3-BF4B-00C04F79EFBC}") = "RebuAPI", "RebuAPI\RebuAPI.csproj", "{31803B31-040D-4C0D-8CDB-EC9BBE0BCAB7}"
EndProject
Global
	GlobalSection(SolutionConfigurationPlatforms) = preSolution
		Debug|Any CPU = Debug|Any CPU
		Release|Any CPU = Release|Any CPU
	EndGlobalSection
	GlobalSection(ProjectConfigurationPlatforms) = postSolution
		{A00BA7DC-2D63-4674-BAD2-39E3D9C049AD}.Debug|Any CPU.ActiveCfg = Debug|Any CPU
		{A00BA7DC-2D63-4674-BAD2-39E3D9C049AD}.Debug|Any CPU.Build.0 = Debug|Any CPU
		{A00BA7DC-2D63-4674-BAD2-39E3D9C049AD}.Release|Any CPU.ActiveCfg = Release|Any CPU
		{A00BA7DC-2D63-4674-BAD2-39E3D9C049AD}.Release|Any CPU.Build.0 = Release|Any CPU
		{8475D66F-D7D7-4088-94E6-49AB2B8D8C1F}.Debug|Any CPU.ActiveCfg = Debug|Any CPU
		{8475D66F-D7D7-4088-94E6-49AB2B8D8C1F}.Debug|Any CPU.Build.0 = Debug|Any CPU
		{8475D66F-D7D7-4088-94E6-49AB2B8D8C1F}.Release|Any CPU.ActiveCfg = Release|Any CPU
		{8475D66F-D7D7-4088-94E6-49AB2B8D8C1F}.Release|Any CPU.Build.0 = Release|Any CPU
		{4743EC9C-18C0-4C38-96DF-8F5E7930E28C}.Debug|Any CPU.ActiveCfg = Debug|Any CPU
		{4743EC9C-18C0-4C38-96DF-8F5E7930E28C}.Debug|Any CPU.Build.0 = Debug|Any CPU
		{4743EC9C-18C0-4C38-96DF-8F5E7930E28C}.Release|Any CPU.ActiveCfg = Release|Any CPU
		{4743EC9C-18C0-4C38-96DF-8F5E7930E28C}.Release|Any CPU.Build.0 = Release|Any CPU
		{9BBF7BCD-F06C-47C4-B62D-9C9DFAF5B942}.Debug|Any CPU.ActiveCfg = Debug|Any CPU
		{9BBF7BCD-F06C-47C4-B62D-9C9DFAF5B942}.Debug|Any CPU.Build.0 = Debug|Any CPU
		{9BBF7BCD-F06C-47C4-B62D-9C9DFAF5B942}.Release|Any CPU.ActiveCfg = Release|Any CPU
		{9BBF7BCD-F06C-47C4-B62D-9C9DFAF5B942}.Release|Any CPU.Build.0 = Release|Any CPU
		{0A1CA31C-1229-4E7B-84E6-2E7C4297DA30}.Debug|Any CPU.ActiveCfg = Debug|Any CPU
		{0A1CA31C-1229-4E7B-84E6-2E7C4297DA30}.Debug|Any CPU.Build.0 = Debug|Any CPU
		{0A1CA31C-1229-4E7B-84E6-2E7C4297DA30}.Release|Any CPU.ActiveCfg = Release|Any CPU
		{0A1CA31C-1229-4E7B-84E6-2E7C4297DA30}.Release|Any CPU.Build.0 = Release|Any CPU
		{7C3B674B-A978-46FC-8981-0BA35F6499E2}.Debug|Any CPU.ActiveCfg = Debug|Any CPU
		{7C3B674B-A978-46FC-8981-0BA35F6499E2}.Debug|Any CPU.Build.0 = Debug|Any CPU
		{7C3B674B-A978-46FC-8981-0BA35F6499E2}.Release|Any CPU.ActiveCfg = Release|Any CPU
		{7C3B674B-A978-46FC-8981-0BA35F6499E2}.Release|Any CPU.Build.0 = Release|Any CPU
		{778BA009-F14B-4B0D-87C4-AEE5FA71C0C9}.Debug|Any CPU.ActiveCfg = Debug|Any CPU
		{778BA009-F14B-4B0D-87C4-AEE5FA71C0C9}.Debug|Any CPU.Build.0 = Debug|Any CPU
		{778BA009-F14B-4B0D-87C4-AEE5FA71C0C9}.Release|Any CPU.ActiveCfg = Release|Any CPU
		{778BA009-F14B-4B0D-87C4-AEE5FA71C0C9}.Release|Any CPU.Build.0 = Release|Any CPU
		{2146124B-7D20-40F2-8F8D-FF5F07BAD7F5}.Debug|Any CPU.ActiveCfg = Debug|Any CPU
		{2146124B-7D20-40F2-8F8D-FF5F07BAD7F5}.Debug|Any CPU.Build.0 = Debug|Any CPU
		{2146124B-7D20-40F2-8F8D-FF5F07BAD7F5}.Release|Any CPU.ActiveCfg = Release|Any CPU
		{2146124B-7D20-40F2-8F8D-FF5F07BAD7F5}.Release|Any CPU.Build.0 = Release|Any CPU
		{95F688D2-2AC8-498D-818E-70F06BEA7E6E}.Debug|Any CPU.ActiveCfg = Debug|Any CPU
		{95F688D2-2AC8-498D-818E-70F06BEA7E6E}.Debug|Any CPU.Build.0 = Debug|Any CPU
		{95F688D2-2AC8-498D-818E-70F06BEA7E6E}.Release|Any CPU.ActiveCfg = Release|Any CPU
		{95F688D2-2AC8-498D-818E-70F06BEA7E6E}.Release|Any CPU.Build.0 = Release|Any CPU
		{8B9AD8DE-2BBB-41CC-840B-C83348DEE23D}.Debug|Any CPU.ActiveCfg = Debug|Any CPU
		{8B9AD8DE-2BBB-41CC-840B-C83348DEE23D}.Debug|Any CPU.Build.0 = Debug|Any CPU
		{8B9AD8DE-2BBB-41CC-840B-C83348DEE23D}.Release|Any CPU.ActiveCfg = Release|Any CPU
		{8B9AD8DE-2BBB-41CC-840B-C83348DEE23D}.Release|Any CPU.Build.0 = Release|Any CPU
		{B7FBCE3B-2AE5-476F-A0A8-88DFF710CD05}.Debug|Any CPU.ActiveCfg = Debug|Any CPU
		{B7FBCE3B-2AE5-476F-A0A8-88DFF710CD05}.Debug|Any CPU.Build.0 = Debug|Any CPU
		{B7FBCE3B-2AE5-476F-A0A8-88DFF710CD05}.Release|Any CPU.ActiveCfg = Release|Any CPU
		{B7FBCE3B-2AE5-476F-A0A8-88DFF710CD05}.Release|Any CPU.Build.0 = Release|Any CPU
		{4CD2A02B-02DB-4E72-B0AC-2F832121B4B6}.Debug|Any CPU.ActiveCfg = Debug|Any CPU
		{4CD2A02B-02DB-4E72-B0AC-2F832121B4B6}.Debug|Any CPU.Build.0 = Debug|Any CPU
		{4CD2A02B-02DB-4E72-B0AC-2F832121B4B6}.Release|Any CPU.ActiveCfg = Release|Any CPU
		{4CD2A02B-02DB-4E72-B0AC-2F832121B4B6}.Release|Any CPU.Build.0 = Release|Any CPU
		{E504FAB1-B263-4F33-B9EE-0E319B306FE6}.Debug|Any CPU.ActiveCfg = Debug|Any CPU
		{E504FAB1-B263-4F33-B9EE-0E319B306FE6}.Debug|Any CPU.Build.0 = Debug|Any CPU
		{E504FAB1-B263-4F33-B9EE-0E319B306FE6}.Release|Any CPU.ActiveCfg = Release|Any CPU
		{E504FAB1-B263-4F33-B9EE-0E319B306FE6}.Release|Any CPU.Build.0 = Release|Any CPU
		{F2F0CA12-5622-4F6A-9A43-5D34294EF0EC}.Debug|Any CPU.ActiveCfg = Debug|Any CPU
		{F2F0CA12-5622-4F6A-9A43-5D34294EF0EC}.Debug|Any CPU.Build.0 = Debug|Any CPU
		{F2F0CA12-5622-4F6A-9A43-5D34294EF0EC}.Release|Any CPU.ActiveCfg = Release|Any CPU
		{F2F0CA12-5622-4F6A-9A43-5D34294EF0EC}.Release|Any CPU.Build.0 = Release|Any CPU
		{7AAC977C-105C-4D5B-B76B-C2DAD6D99DC4}.Debug|Any CPU.ActiveCfg = Debug|Any CPU
		{7AAC977C-105C-4D5B-B76B-C2DAD6D99DC4}.Debug|Any CPU.Build.0 = Debug|Any CPU
		{7AAC977C-105C-4D5B-B76B-C2DAD6D99DC4}.Release|Any CPU.ActiveCfg = Release|Any CPU
		{7AAC977C-105C-4D5B-B76B-C2DAD6D99DC4}.Release|Any CPU.Build.0 = Release|Any CPU
		{EF77A0C7-EA2F-472E-A825-20F6932E74F3}.Debug|Any CPU.ActiveCfg = Debug|Any CPU
		{EF77A0C7-EA2F-472E-A825-20F6932E74F3}.Debug|Any CPU.Build.0 = Debug|Any CPU
		{EF77A0C7-EA2F-472E-A825-20F6932E74F3}.Release|Any CPU.ActiveCfg = Release|Any CPU
		{EF77A0C7-EA2F-472E-A825-20F6932E74F3}.Release|Any CPU.Build.0 = Release|Any CPU
		{AE4BD64E-BA23-4EBF-AB51-E367D448FA99}.Debug|Any CPU.ActiveCfg = Debug|Any CPU
		{AE4BD64E-BA23-4EBF-AB51-E367D448FA99}.Debug|Any CPU.Build.0 = Debug|Any CPU
		{AE4BD64E-BA23-4EBF-AB51-E367D448FA99}.Release|Any CPU.ActiveCfg = Release|Any CPU
		{AE4BD64E-BA23-4EBF-AB51-E367D448FA99}.Release|Any CPU.Build.0 = Release|Any CPU
		{81ACEA4A-07FE-45AB-B657-92A51F62BCA0}.Debug|Any CPU.ActiveCfg = Debug|Any CPU
		{81ACEA4A-07FE-45AB-B657-92A51F62BCA0}.Debug|Any CPU.Build.0 = Debug|Any CPU
		{81ACEA4A-07FE-45AB-B657-92A51F62BCA0}.Release|Any CPU.ActiveCfg = Release|Any CPU
		{81ACEA4A-07FE-45AB-B657-92A51F62BCA0}.Release|Any CPU.Build.0 = Release|Any CPU
		{9187D453-D274-4C3A-99E4-F2A41805FA93}.Debug|Any CPU.ActiveCfg = Debug|Any CPU
		{9187D453-D274-4C3A-99E4-F2A41805FA93}.Debug|Any CPU.Build.0 = Debug|Any CPU
		{9187D453-D274-4C3A-99E4-F2A41805FA93}.Release|Any CPU.ActiveCfg = Release|Any CPU
		{9187D453-D274-4C3A-99E4-F2A41805FA93}.Release|Any CPU.Build.0 = Release|Any CPU
		{1E53730B-EB2D-4D9A-8027-480CDBDE79F5}.Debug|Any CPU.ActiveCfg = Debug|Any CPU
		{1E53730B-EB2D-4D9A-8027-480CDBDE79F5}.Debug|Any CPU.Build.0 = Debug|Any CPU
		{1E53730B-EB2D-4D9A-8027-480CDBDE79F5}.Release|Any CPU.ActiveCfg = Release|Any CPU
		{1E53730B-EB2D-4D9A-8027-480CDBDE79F5}.Release|Any CPU.Build.0 = Release|Any CPU
		{A76B23A3-5C3D-4C08-A82D-0C42D7205E0E}.Debug|Any CPU.ActiveCfg = Debug|Any CPU
		{A76B23A3-5C3D-4C08-A82D-0C42D7205E0E}.Debug|Any CPU.Build.0 = Debug|Any CPU
		{A76B23A3-5C3D-4C08-A82D-0C42D7205E0E}.Release|Any CPU.ActiveCfg = Release|Any CPU
		{A76B23A3-5C3D-4C08-A82D-0C42D7205E0E}.Release|Any CPU.Build.0 = Release|Any CPU
		{80F1496D-6D39-4BC9-9052-C5DDB13CA959}.Debug|Any CPU.ActiveCfg = Debug|Any CPU
		{80F1496D-6D39-4BC9-9052-C5DDB13CA959}.Debug|Any CPU.Build.0 = Debug|Any CPU
		{80F1496D-6D39-4BC9-9052-C5DDB13CA959}.Release|Any CPU.ActiveCfg = Release|Any CPU
		{80F1496D-6D39-4BC9-9052-C5DDB13CA959}.Release|Any CPU.Build.0 = Release|Any CPU
		{B0362936-9D09-4702-A551-C0F6C014E38A}.Debug|Any CPU.ActiveCfg = Debug|Any CPU
		{B0362936-9D09-4702-A551-C0F6C014E38A}.Debug|Any CPU.Build.0 = Debug|Any CPU
		{B0362936-9D09-4702-A551-C0F6C014E38A}.Release|Any CPU.ActiveCfg = Release|Any CPU
		{B0362936-9D09-4702-A551-C0F6C014E38A}.Release|Any CPU.Build.0 = Release|Any CPU
		{31803B31-040D-4C0D-8CDB-EC9BBE0BCAB7}.Debug|Any CPU.ActiveCfg = Debug|Any CPU
		{31803B31-040D-4C0D-8CDB-EC9BBE0BCAB7}.Debug|Any CPU.Build.0 = Debug|Any CPU
		{31803B31-040D-4C0D-8CDB-EC9BBE0BCAB7}.Release|Any CPU.ActiveCfg = Release|Any CPU
		{31803B31-040D-4C0D-8CDB-EC9BBE0BCAB7}.Release|Any CPU.Build.0 = Release|Any CPU
	EndGlobalSection
	GlobalSection(SolutionProperties) = preSolution
		HideSolutionNode = FALSE
	EndGlobalSection
	GlobalSection(NestedProjects) = preSolution
		{A00BA7DC-2D63-4674-BAD2-39E3D9C049AD} = {A66EA74D-6173-482D-B64C-A87F6DE4E768}
		{8475D66F-D7D7-4088-94E6-49AB2B8D8C1F} = {A66EA74D-6173-482D-B64C-A87F6DE4E768}
		{4743EC9C-18C0-4C38-96DF-8F5E7930E28C} = {BE2C4147-B729-40CE-A50B-A69939ED06EE}
		{9BBF7BCD-F06C-47C4-B62D-9C9DFAF5B942} = {BE2C4147-B729-40CE-A50B-A69939ED06EE}
		{0A1CA31C-1229-4E7B-84E6-2E7C4297DA30} = {BE2C4147-B729-40CE-A50B-A69939ED06EE}
		{7C3B674B-A978-46FC-8981-0BA35F6499E2} = {BE2C4147-B729-40CE-A50B-A69939ED06EE}
		{778BA009-F14B-4B0D-87C4-AEE5FA71C0C9} = {BE2C4147-B729-40CE-A50B-A69939ED06EE}
		{2146124B-7D20-40F2-8F8D-FF5F07BAD7F5} = {BE2C4147-B729-40CE-A50B-A69939ED06EE}
		{95F688D2-2AC8-498D-818E-70F06BEA7E6E} = {BE2C4147-B729-40CE-A50B-A69939ED06EE}
		{8B9AD8DE-2BBB-41CC-840B-C83348DEE23D} = {BE2C4147-B729-40CE-A50B-A69939ED06EE}
		{B7FBCE3B-2AE5-476F-A0A8-88DFF710CD05} = {BE2C4147-B729-40CE-A50B-A69939ED06EE}
		{4CD2A02B-02DB-4E72-B0AC-2F832121B4B6} = {BE2C4147-B729-40CE-A50B-A69939ED06EE}
		{E504FAB1-B263-4F33-B9EE-0E319B306FE6} = {BE2C4147-B729-40CE-A50B-A69939ED06EE}
		{F2F0CA12-5622-4F6A-9A43-5D34294EF0EC} = {BE2C4147-B729-40CE-A50B-A69939ED06EE}
		{7AAC977C-105C-4D5B-B76B-C2DAD6D99DC4} = {BE2C4147-B729-40CE-A50B-A69939ED06EE}
		{EF77A0C7-EA2F-472E-A825-20F6932E74F3} = {8C00CCB6-CAEE-4F8E-8C4F-4F7C4D7B1B42}
		{AE4BD64E-BA23-4EBF-AB51-E367D448FA99} = {8C00CCB6-CAEE-4F8E-8C4F-4F7C4D7B1B42}
		{81ACEA4A-07FE-45AB-B657-92A51F62BCA0} = {8C00CCB6-CAEE-4F8E-8C4F-4F7C4D7B1B42}
		{9187D453-D274-4C3A-99E4-F2A41805FA93} = {8C00CCB6-CAEE-4F8E-8C4F-4F7C4D7B1B42}
		{1E53730B-EB2D-4D9A-8027-480CDBDE79F5} = {4C486791-1D5A-45A3-B865-E243212AD73F}
		{A76B23A3-5C3D-4C08-A82D-0C42D7205E0E} = {D1358971-81E5-43E2-82B5-9BD298713218}
		{80F1496D-6D39-4BC9-9052-C5DDB13CA959} = {D1358971-81E5-43E2-82B5-9BD298713218}
		{B0362936-9D09-4702-A551-C0F6C014E38A} = {D1358971-81E5-43E2-82B5-9BD298713218}
		{31803B31-040D-4C0D-8CDB-EC9BBE0BCAB7} = {D1358971-81E5-43E2-82B5-9BD298713218}
	EndGlobalSection
	GlobalSection(ExtensibilityGlobals) = postSolution
		SolutionGuid = {1A481A96-6759-4936-B68E-51E8FE0B2AB4}
	EndGlobalSection
EndGlobal
